hash: c6ab39c4409e366ab00a5dba0b32a0f9db4b243faae33084e4249e172d819259
updated: 2017-02-10T18:09:16.596015279+09:00
imports:
- name: github.com/BurntSushi/toml
  version: 99064174e013895bbd9b025c31100bd1d9b590ca
- name: github.com/golang/snappy
  version: 7db9049039a047d955fe8c19b83c8ff5abd765c7
- name: github.com/mattn/go-isatty
  version: 3a115632dcd687f9c8cd01679c83a06a0e21c1f3
- name: github.com/onsi/ginkgo
  version: 462326b1628e124b23f42e87a8f2750e3c4e2d24
  subpackages:
  - config
- name: github.com/onsi/gomega
  version: a78ae492d53aad5a7a232d0d0462c14c400e3ee7
- name: github.com/syndtr/goleveldb
  version: 23851d93a2292dcc56e71a18ec9e0624d84a0f65
  subpackages:
  - leveldb
  - leveldb/cache
  - leveldb/comparer
  - leveldb/errors
  - leveldb/filter
  - leveldb/iterator
  - leveldb/journal
  - leveldb/memdb
  - leveldb/opt
  - leveldb/storage
  - leveldb/table
  - leveldb/util
- name: github.com/vaughan0/go-ini
  version: a98ad7ee00ec53921f08832bc06ecf7fd600e6a1
testImports:
- name: github.com/k0kubun/colorstring
  version: 9440f1994b88a579ce4e2884bfb4532b79bdca7a
